
Microsoft Visual Studio Solution File, Format Version 12.00
# Visual Studio Version 17
VisualStudioVersion = 17.4.33122.133
MinimumVisualStudioVersion = 10.0.40219.1
Project("{FAE04EC0-301F-11D3-BF4B-00C04F79EFBC}") = "WebApplication4", "WebApplication4\WebApplication4.csproj", "{FC6EC8F2-A8AC-40B3-B030-7132D1C753EF}"
EndProject
Global
	GlobalSection(SolutionConfigurationPlatforms) = preSolution
		Debug|Any CPU = Debug|Any CPU
		Release|Any CPU = Release|Any CPU
	EndGlobalSection
	GlobalSection(ProjectConfigurationPlatforms) = postSolution
		{FC6EC8F2-A8AC-40B3-B030-7132D1C753EF}.Debug|Any CPU.ActiveCfg = Debug|Any CPU
		{FC6EC8F2-A8AC-40B3-B030-7132D1C753EF}.Debug|Any CPU.Build.0 = Debug|Any CPU
		{FC6EC8F2-A8AC-40B3-B030-7132D1C753EF}.Release|Any CPU.ActiveCfg = Release|Any CPU
		{FC6EC8F2-A8AC-40B3-B030-7132D1C753EF}.Release|Any CPU.Build.0 = Release|Any CPU
	EndGlobalSection
	GlobalSection(SolutionProperties) = preSolution
		HideSolutionNode = FALSE
	EndGlobalSection
	GlobalSection(ExtensibilityGlobals) = postSolution
		SolutionGuid = {CB6539C6-2E6D-4348-864F-FB5F278EF752}
	EndGlobalSection
EndGlobal
